
Microsoft Visual Studio Solution File, Format Version 12.00
# Visual Studio Version 17
VisualStudioVersion = 17.0.31903.59
MinimumVisualStudioVersion = 10.0.40219.1
Project("{2150E333-8FDC-42A3-9474-1A3956D46DE8}") = "src", "src", "{827E0CD3-B72D-47B6-A68D-7590B98EB39B}"
EndProject
Project("{FAE04EC0-301F-11D3-BF4B-00C04F79EFBC}") = "MuseumSystem.Web", "src\MuseumSystem.Web\MuseumSystem.Web.csproj", "{4813F9D2-FF59-47B6-9C67-FAE36F164D2A}"
EndProject
Project("{FAE04EC0-301F-11D3-BF4B-00C04F79EFBC}") = "MuseumSystem.Application", "src\MuseumSystem.Application\MuseumSystem.Application.csproj", "{E624A1BD-8908-4ADB-9EB8-32078D028C90}"
EndProject
Project("{FAE04EC0-301F-11D3-BF4B-00C04F79EFBC}") = "MuseumSystem.Domain", "src\MuseumSystem.Domain\MuseumSystem.Domain.csproj", "{D7406C57-263A-4E45-8C88-638D539A0C5D}"
EndProject
Project("{FAE04EC0-301F-11D3-BF4B-00C04F79EFBC}") = "MuseumSystem.Infrastructure", "src\MuseumSystem.Infrastructure\MuseumSystem.Infrastructure.csproj", "{363EBA2E-2B49-46BE-9031-7B8D0254E246}"
EndProject
Project("{2150E333-8FDC-42A3-9474-1A3956D46DE8}") = "tests", "tests", "{0AB3BF05-4346-4AA6-1389-037BE0695223}"
EndProject
Project("{FAE04EC0-301F-11D3-BF4B-00C04F79EFBC}") = "MuseumSystem.Domain.Tests", "tests\MuseumSystem.Domain.Tests\MuseumSystem.Domain.Tests.csproj", "{F96B25FC-931D-464C-B176-3FEB7ECB6E62}"
EndProject
Project("{FAE04EC0-301F-11D3-BF4B-00C04F79EFBC}") = "MuseumSystem.Application.Tests", "tests\MuseumSystem.Application.Tests\MuseumSystem.Application.Tests.csproj", "{B8EB7C1B-8DE4-4AD4-81D7-F8E9F3FFB3B4}"
EndProject
Project("{FAE04EC0-301F-11D3-BF4B-00C04F79EFBC}") = "MuseumSystem.Integration.Tests", "tests\MuseumSystem.Integration.Tests\MuseumSystem.Integration.Tests.csproj", "{06B3202E-9A7C-437B-A2AC-A3E826E9FC06}"
EndProject
Project("{FAE04EC0-301F-11D3-BF4B-00C04F79EFBC}") = "MuseumSystem.Web.AcceptanceTests", "tests\MuseumSystem.Web.AcceptanceTests\MuseumSystem.Web.AcceptanceTests.csproj", "{FDF86C15-0B1B-437B-B2E5-F1AFC82E7941}"
EndProject
Global
	GlobalSection(SolutionConfigurationPlatforms) = preSolution
		Debug|Any CPU = Debug|Any CPU
		Debug|x64 = Debug|x64
		Debug|x86 = Debug|x86
		Release|Any CPU = Release|Any CPU
		Release|x64 = Release|x64
		Release|x86 = Release|x86
	EndGlobalSection
	GlobalSection(ProjectConfigurationPlatforms) = postSolution
		{4813F9D2-FF59-47B6-9C67-FAE36F164D2A}.Debug|Any CPU.ActiveCfg = Debug|Any CPU
		{4813F9D2-FF59-47B6-9C67-FAE36F164D2A}.Debug|Any CPU.Build.0 = Debug|Any CPU
		{4813F9D2-FF59-47B6-9C67-FAE36F164D2A}.Debug|x64.ActiveCfg = Debug|Any CPU
		{4813F9D2-FF59-47B6-9C67-FAE36F164D2A}.Debug|x64.Build.0 = Debug|Any CPU
		{4813F9D2-FF59-47B6-9C67-FAE36F164D2A}.Debug|x86.ActiveCfg = Debug|Any CPU
		{4813F9D2-FF59-47B6-9C67-FAE36F164D2A}.Debug|x86.Build.0 = Debug|Any CPU
		{4813F9D2-FF59-47B6-9C67-FAE36F164D2A}.Release|Any CPU.ActiveCfg = Release|Any CPU
		{4813F9D2-FF59-47B6-9C67-FAE36F164D2A}.Release|Any CPU.Build.0 = Release|Any CPU
		{4813F9D2-FF59-47B6-9C67-FAE36F164D2A}.Release|x64.ActiveCfg = Release|Any CPU
		{4813F9D2-FF59-47B6-9C67-FAE36F164D2A}.Release|x64.Build.0 = Release|Any CPU
		{4813F9D2-FF59-47B6-9C67-FAE36F164D2A}.Release|x86.ActiveCfg = Release|Any CPU
		{4813F9D2-FF59-47B6-9C67-FAE36F164D2A}.Release|x86.Build.0 = Release|Any CPU
		{E624A1BD-8908-4ADB-9EB8-32078D028C90}.Debug|Any CPU.ActiveCfg = Debug|Any CPU
		{E624A1BD-8908-4ADB-9EB8-32078D028C90}.Debug|Any CPU.Build.0 = Debug|Any CPU
		{E624A1BD-8908-4ADB-9EB8-32078D028C90}.Debug|x64.ActiveCfg = Debug|Any CPU
		{E624A1BD-8908-4ADB-9EB8-32078D028C90}.Debug|x64.Build.0 = Debug|Any CPU
		{E624A1BD-8908-4ADB-9EB8-32078D028C90}.Debug|x86.ActiveCfg = Debug|Any CPU
		{E624A1BD-8908-4ADB-9EB8-32078D028C90}.Debug|x86.Build.0 = Debug|Any CPU
		{E624A1BD-8908-4ADB-9EB8-32078D028C90}.Release|Any CPU.ActiveCfg = Release|Any CPU
		{E624A1BD-8908-4ADB-9EB8-32078D028C90}.Release|Any CPU.Build.0 = Release|Any CPU
		{E624A1BD-8908-4ADB-9EB8-32078D028C90}.Release|x64.ActiveCfg = Release|Any CPU
		{E624A1BD-8908-4ADB-9EB8-32078D028C90}.Release|x64.Build.0 = Release|Any CPU
		{E624A1BD-8908-4ADB-9EB8-32078D028C90}.Release|x86.ActiveCfg = Release|Any CPU
		{E624A1BD-8908-4ADB-9EB8-32078D028C90}.Release|x86.Build.0 = Release|Any CPU
		{D7406C57-263A-4E45-8C88-638D539A0C5D}.Debug|Any CPU.ActiveCfg = Debug|Any CPU
		{D7406C57-263A-4E45-8C88-638D539A0C5D}.Debug|Any CPU.Build.0 = Debug|Any CPU
		{D7406C57-263A-4E45-8C88-638D539A0C5D}.Debug|x64.ActiveCfg = Debug|Any CPU
		{D7406C57-263A-4E45-8C88-638D539A0C5D}.Debug|x64.Build.0 = Debug|Any CPU
		{D7406C57-263A-4E45-8C88-638D539A0C5D}.Debug|x86.ActiveCfg = Debug|Any CPU
		{D7406C57-263A-4E45-8C88-638D539A0C5D}.Debug|x86.Build.0 = Debug|Any CPU
		{D7406C57-263A-4E45-8C88-638D539A0C5D}.Release|Any CPU.ActiveCfg = Release|Any CPU
		{D7406C57-263A-4E45-8C88-638D539A0C5D}.Release|Any CPU.Build.0 = Release|Any CPU
		{D7406C57-263A-4E45-8C88-638D539A0C5D}.Release|x64.ActiveCfg = Release|Any CPU
		{D7406C57-263A-4E45-8C88-638D539A0C5D}.Release|x64.Build.0 = Release|Any CPU
		{D7406C57-263A-4E45-8C88-638D539A0C5D}.Release|x86.ActiveCfg = Release|Any CPU
		{D7406C57-263A-4E45-8C88-638D539A0C5D}.Release|x86.Build.0 = Release|Any CPU
		{363EBA2E-2B49-46BE-9031-7B8D0254E246}.Debug|Any CPU.ActiveCfg = Debug|Any CPU
		{363EBA2E-2B49-46BE-9031-7B8D0254E246}.Debug|Any CPU.Build.0 = Debug|Any CPU
		{363EBA2E-2B49-46BE-9031-7B8D0254E246}.Debug|x64.ActiveCfg = Debug|Any CPU
		{363EBA2E-2B49-46BE-9031-7B8D0254E246}.Debug|x64.Build.0 = Debug|Any CPU
		{363EBA2E-2B49-46BE-9031-7B8D0254E246}.Debug|x86.ActiveCfg = Debug|Any CPU
		{363EBA2E-2B49-46BE-9031-7B8D0254E246}.Debug|x86.Build.0 = Debug|Any CPU
		{363EBA2E-2B49-46BE-9031-7B8D0254E246}.Release|Any CPU.ActiveCfg = Release|Any CPU
		{363EBA2E-2B49-46BE-9031-7B8D0254E246}.Release|Any CPU.Build.0 = Release|Any CPU
		{363EBA2E-2B49-46BE-9031-7B8D0254E246}.Release|x64.ActiveCfg = Release|Any CPU
		{363EBA2E-2B49-46BE-9031-7B8D0254E246}.Release|x64.Build.0 = Release|Any CPU
		{363EBA2E-2B49-46BE-9031-7B8D0254E246}.Release|x86.ActiveCfg = Release|Any CPU
		{363EBA2E-2B49-46BE-9031-7B8D0254E246}.Release|x86.Build.0 = Release|Any CPU
		{F96B25FC-931D-464C-B176-3FEB7ECB6E62}.Debug|Any CPU.ActiveCfg = Debug|Any CPU
		{F96B25FC-931D-464C-B176-3FEB7ECB6E62}.Debug|Any CPU.Build.0 = Debug|Any CPU
		{F96B25FC-931D-464C-B176-3FEB7ECB6E62}.Debug|x64.ActiveCfg = Debug|Any CPU
		{F96B25FC-931D-464C-B176-3FEB7ECB6E62}.Debug|x64.Build.0 = Debug|Any CPU
		{F96B25FC-931D-464C-B176-3FEB7ECB6E62}.Debug|x86.ActiveCfg = Debug|Any CPU
		{F96B25FC-931D-464C-B176-3FEB7ECB6E62}.Debug|x86.Build.0 = Debug|Any CPU
		{F96B25FC-931D-464C-B176-3FEB7ECB6E62}.Release|Any CPU.ActiveCfg = Release|Any CPU
		{F96B25FC-931D-464C-B176-3FEB7ECB6E62}.Release|Any CPU.Build.0 = Release|Any CPU
		{F96B25FC-931D-464C-B176-3FEB7ECB6E62}.Release|x64.ActiveCfg = Release|Any CPU
		{F96B25FC-931D-464C-B176-3FEB7ECB6E62}.Release|x64.Build.0 = Release|Any CPU
		{F96B25FC-931D-464C-B176-3FEB7ECB6E62}.Release|x86.ActiveCfg = Release|Any CPU
		{F96B25FC-931D-464C-B176-3FEB7ECB6E62}.Release|x86.Build.0 = Release|Any CPU
		{B8EB7C1B-8DE4-4AD4-81D7-F8E9F3FFB3B4}.Debug|Any CPU.ActiveCfg = Debug|Any CPU
		{B8EB7C1B-8DE4-4AD4-81D7-F8E9F3FFB3B4}.Debug|Any CPU.Build.0 = Debug|Any CPU
		{B8EB7C1B-8DE4-4AD4-81D7-F8E9F3FFB3B4}.Debug|x64.ActiveCfg = Debug|Any CPU
		{B8EB7C1B-8DE4-4AD4-81D7-F8E9F3FFB3B4}.Debug|x64.Build.0 = Debug|Any CPU
		{B8EB7C1B-8DE4-4AD4-81D7-F8E9F3FFB3B4}.Debug|x86.ActiveCfg = Debug|Any CPU
		{B8EB7C1B-8DE4-4AD4-81D7-F8E9F3FFB3B4}.Debug|x86.Build.0 = Debug|Any CPU
		{B8EB7C1B-8DE4-4AD4-81D7-F8E9F3FFB3B4}.Release|Any CPU.ActiveCfg = Release|Any CPU
		{B8EB7C1B-8DE4-4AD4-81D7-F8E9F3FFB3B4}.Release|Any CPU.Build.0 = Release|Any CPU
		{B8EB7C1B-8DE4-4AD4-81D7-F8E9F3FFB3B4}.Release|x64.ActiveCfg = Release|Any CPU
		{B8EB7C1B-8DE4-4AD4-81D7-F8E9F3FFB3B4}.Release|x64.Build.0 = Release|Any CPU
		{B8EB7C1B-8DE4-4AD4-81D7-F8E9F3FFB3B4}.Release|x86.ActiveCfg = Release|Any CPU
		{B8EB7C1B-8DE4-4AD4-81D7-F8E9F3FFB3B4}.Release|x86.Build.0 = Release|Any CPU
		{06B3202E-9A7C-437B-A2AC-A3E826E9FC06}.Debug|Any CPU.ActiveCfg = Debug|Any CPU
		{06B3202E-9A7C-437B-A2AC-A3E826E9FC06}.Debug|Any CPU.Build.0 = Debug|Any CPU
		{06B3202E-9A7C-437B-A2AC-A3E826E9FC06}.Debug|x64.ActiveCfg = Debug|Any CPU
		{06B3202E-9A7C-437B-A2AC-A3E826E9FC06}.Debug|x64.Build.0 = Debug|Any CPU
		{06B3202E-9A7C-437B-A2AC-A3E826E9FC06}.Debug|x86.ActiveCfg = Debug|Any CPU
		{06B3202E-9A7C-437B-A2AC-A3E826E9FC06}.Debug|x86.Build.0 = Debug|Any CPU
		{06B3202E-9A7C-437B-A2AC-A3E826E9FC06}.Release|Any CPU.ActiveCfg = Release|Any CPU
		{06B3202E-9A7C-437B-A2AC-A3E826E9FC06}.Release|Any CPU.Build.0 = Release|Any CPU
		{06B3202E-9A7C-437B-A2AC-A3E826E9FC06}.Release|x64.ActiveCfg = Release|Any CPU
		{06B3202E-9A7C-437B-A2AC-A3E826E9FC06}.Release|x64.Build.0 = Release|Any CPU
		{06B3202E-9A7C-437B-A2AC-A3E826E9FC06}.Release|x86.ActiveCfg = Release|Any CPU
		{06B3202E-9A7C-437B-A2AC-A3E826E9FC06}.Release|x86.Build.0 = Release|Any CPU
		{FDF86C15-0B1B-437B-B2E5-F1AFC82E7941}.Debug|Any CPU.ActiveCfg = Debug|Any CPU
		{FDF86C15-0B1B-437B-B2E5-F1AFC82E7941}.Debug|Any CPU.Build.0 = Debug|Any CPU
		{FDF86C15-0B1B-437B-B2E5-F1AFC82E7941}.Debug|x64.ActiveCfg = Debug|Any CPU
		{FDF86C15-0B1B-437B-B2E5-F1AFC82E7941}.Debug|x64.Build.0 = Debug|Any CPU
		{FDF86C15-0B1B-437B-B2E5-F1AFC82E7941}.Debug|x86.ActiveCfg = Debug|Any CPU
		{FDF86C15-0B1B-437B-B2E5-F1AFC82E7941}.Debug|x86.Build.0 = Debug|Any CPU
		{FDF86C15-0B1B-437B-B2E5-F1AFC82E7941}.Release|Any CPU.ActiveCfg = Release|Any CPU
		{FDF86C15-0B1B-437B-B2E5-F1AFC82E7941}.Release|Any CPU.Build.0 = Release|Any CPU
		{FDF86C15-0B1B-437B-B2E5-F1AFC82E7941}.Release|x64.ActiveCfg = Release|Any CPU
		{FDF86C15-0B1B-437B-B2E5-F1AFC82E7941}.Release|x64.Build.0 = Release|Any CPU
		{FDF86C15-0B1B-437B-B2E5-F1AFC82E7941}.Release|x86.ActiveCfg = Release|Any CPU
		{FDF86C15-0B1B-437B-B2E5-F1AFC82E7941}.Release|x86.Build.0 = Release|Any CPU
	EndGlobalSection
	GlobalSection(SolutionProperties) = preSolution
		HideSolutionNode = FALSE
	EndGlobalSection
	GlobalSection(NestedProjects) = preSolution
		{4813F9D2-FF59-47B6-9C67-FAE36F164D2A} = {827E0CD3-B72D-47B6-A68D-7590B98EB39B}
		{E624A1BD-8908-4ADB-9EB8-32078D028C90} = {827E0CD3-B72D-47B6-A68D-7590B98EB39B}
		{D7406C57-263A-4E45-8C88-638D539A0C5D} = {827E0CD3-B72D-47B6-A68D-7590B98EB39B}
		{363EBA2E-2B49-46BE-9031-7B8D0254E246} = {827E0CD3-B72D-47B6-A68D-7590B98EB39B}
		{F96B25FC-931D-464C-B176-3FEB7ECB6E62} = {0AB3BF05-4346-4AA6-1389-037BE0695223}
		{B8EB7C1B-8DE4-4AD4-81D7-F8E9F3FFB3B4} = {0AB3BF05-4346-4AA6-1389-037BE0695223}
		{06B3202E-9A7C-437B-A2AC-A3E826E9FC06} = {0AB3BF05-4346-4AA6-1389-037BE0695223}
		{FDF86C15-0B1B-437B-B2E5-F1AFC82E7941} = {0AB3BF05-4346-4AA6-1389-037BE0695223}
	EndGlobalSection
EndGlobal
